// !$*UTF8*$!
{
	archiveVersion = 1;
	classes = {
	};
	objectVersion = 50;
	objects = {

/* Begin PBXBuildFile section */
		140BF72220BBDC73002A55E3 /* AppDelegate.swift in Sources */ = {isa = PBXBuildFile; fileRef = 140BF72120BBDC73002A55E3 /* AppDelegate.swift */; };
		140BF72420BBDC73002A55E3 /* RootViewController.swift in Sources */ = {isa = PBXBuildFile; fileRef = 140BF72320BBDC73002A55E3 /* RootViewController.swift */; };
		140BF72620BBDC74002A55E3 /* DataViewController.swift in Sources */ = {isa = PBXBuildFile; fileRef = 140BF72520BBDC74002A55E3 /* DataViewController.swift */; };
		140BF72820BBDC74002A55E3 /* ModelController.swift in Sources */ = {isa = PBXBuildFile; fileRef = 140BF72720BBDC74002A55E3 /* ModelController.swift */; };
		140BF72B20BBDC74002A55E3 /* Main.storyboard in Resources */ = {isa = PBXBuildFile; fileRef = 140BF72920BBDC74002A55E3 /* Main.storyboard */; };
		140BF72D20BBDC76002A55E3 /* Assets.xcassets in Resources */ = {isa = PBXBuildFile; fileRef = 140BF72C20BBDC76002A55E3 /* Assets.xcassets */; };
		140BF73020BBDC76002A55E3 /* LaunchScreen.storyboard in Resources */ = {isa = PBXBuildFile; fileRef = 140BF72E20BBDC76002A55E3 /* LaunchScreen.storyboard */; };
		140BF73B20BBDC76002A55E3 /* PixabayTests.swift in Sources */ = {isa = PBXBuildFile; fileRef = 140BF73A20BBDC76002A55E3 /* PixabayTests.swift */; };
/* End PBXBuildFile section */

/* Begin PBXContainerItemProxy section */
		140BF73720BBDC76002A55E3 /* PBXContainerItemProxy */ = {
			isa = PBXContainerItemProxy;
			containerPortal = 140BF71620BBDC73002A55E3 /* Project object */;
			proxyType = 1;
			remoteGlobalIDString = 140BF71D20BBDC73002A55E3;
			remoteInfo = Pixabay;
		};
/* End PBXContainerItemProxy section */

/* Begin PBXFileReference section */
		140BF71E20BBDC73002A55E3 /* Pixabay.app */ = {isa = PBXFileReference; explicitFileType = wrapper.application; includeInIndex = 0; path = Pixabay.app; sourceTree = BUILT_PRODUCTS_DIR; };
		140BF72120BBDC73002A55E3 /* AppDelegate.swift */ = {isa = PBXFileReference; lastKnownFileType = sourcecode.swift; path = AppDelegate.swift; sourceTree = "<group>"; };
		140BF72320BBDC73002A55E3 /* RootViewController.swift */ = {isa = PBXFileReference; lastKnownFileType = sourcecode.swift; path = RootViewController.swift; sourceTree = "<group>"; };
		140BF72520BBDC74002A55E3 /* DataViewController.swift */ = {isa = PBXFileReference; lastKnownFileType = sourcecode.swift; path = DataViewController.swift; sourceTree = "<group>"; };
		140BF72720BBDC74002A55E3 /* ModelController.swift */ = {isa = PBXFileReference; lastKnownFileType = sourcecode.swift; path = ModelController.swift; sourceTree = "<group>"; };
		140BF72A20BBDC74002A55E3 /* Base */ = {isa = PBXFileReference; lastKnownFileType = file.storyboard; name = Base; path = Base.lproj/Main.storyboard; sourceTree = "<group>"; };
		140BF72C20BBDC76002A55E3 /* Assets.xcassets */ = {isa = PBXFileReference; lastKnownFileType = folder.assetcatalog; path = Assets.xcassets; sourceTree = "<group>"; };
		140BF72F20BBDC76002A55E3 /* Base */ = {isa = PBXFileReference; lastKnownFileType = file.storyboard; name = Base; path = Base.lproj/LaunchScreen.storyboard; sourceTree = "<group>"; };
		140BF73120BBDC76002A55E3 /* Info.plist */ = {isa = PBXFileReference; lastKnownFileType = text.plist.xml; path = Info.plist; sourceTree = "<group>"; };
		140BF73620BBDC76002A55E3 /* PixabayTests.xctest */ = {isa = PBXFileReference; explicitFileType = wrapper.cfbundle; includeInIndex = 0; path = PixabayTests.xctest; sourceTree = BUILT_PRODUCTS_DIR; };
		140BF73A20BBDC76002A55E3 /* PixabayTests.swift */ = {isa = PBXFileReference; lastKnownFileType = sourcecode.swift; path = PixabayTests.swift; sourceTree = "<group>"; };
		140BF73C20BBDC76002A55E3 /* Info.plist */ = {isa = PBXFileReference; lastKnownFileType = text.plist.xml; path = Info.plist; sourceTree = "<group>"; };
/* End PBXFileReference section */

/* Begin PBXFrameworksBuildPhase section */
		140BF71B20BBDC73002A55E3 /* Frameworks */ = {
			isa = PBXFrameworksBuildPhase;
			buildActionMask = 2147483647;
			files = (
			);
			runOnlyForDeploymentPostprocessing = 0;
		};
		140BF73320BBDC76002A55E3 /* Frameworks */ = {
			isa = PBXFrameworksBuildPhase;
			buildActionMask = 2147483647;
			files = (
			);
			runOnlyForDeploymentPostprocessing = 0;
		};
/* End PBXFrameworksBuildPhase section */

/* Begin PBXGroup section */
		140BF71520BBDC73002A55E3 = {
			isa = PBXGroup;
			children = (
				140BF72020BBDC73002A55E3 /* Pixabay */,
				140BF73920BBDC76002A55E3 /* PixabayTests */,
				140BF71F20BBDC73002A55E3 /* Products */,
			);
			sourceTree = "<group>";
		};
		140BF71F20BBDC73002A55E3 /* Products */ = {
			isa = PBXGroup;
			children = (
				140BF71E20BBDC73002A55E3 /* Pixabay.app */,
				140BF73620BBDC76002A55E3 /* PixabayTests.xctest */,
			);
			name = Products;
			sourceTree = "<group>";
		};
		140BF72020BBDC73002A55E3 /* Pixabay */ = {
			isa = PBXGroup;
			children = (
				140BF72120BBDC73002A55E3 /* AppDelegate.swift */,
				140BF72320BBDC73002A55E3 /* RootViewController.swift */,
				140BF72520BBDC74002A55E3 /* DataViewController.swift */,
				140BF72720BBDC74002A55E3 /* ModelController.swift */,
				140BF72920BBDC74002A55E3 /* Main.storyboard */,
				140BF72C20BBDC76002A55E3 /* Assets.xcassets */,
				140BF72E20BBDC76002A55E3 /* LaunchScreen.storyboard */,
				140BF73120BBDC76002A55E3 /* Info.plist */,
			);
			path = Pixabay;
			sourceTree = "<group>";
		};
		140BF73920BBDC76002A55E3 /* PixabayTests */ = {
			isa = PBXGroup;
			children = (
				140BF73A20BBDC76002A55E3 /* PixabayTests.swift */,
				140BF73C20BBDC76002A55E3 /* Info.plist */,
			);
			path = PixabayTests;
			sourceTree = "<group>";
		};
/* End PBXGroup section */

/* Begin PBXNativeTarget section */
		140BF71D20BBDC73002A55E3 /* Pixabay */ = {
			isa = PBXNativeTarget;
			buildConfigurationList = 140BF73F20BBDC76002A55E3 /* Build configuration list for PBXNativeTarget "Pixabay" */;
			buildPhases = (
				140BF71A20BBDC73002A55E3 /* Sources */,
				140BF71B20BBDC73002A55E3 /* Frameworks */,
				140BF71C20BBDC73002A55E3 /* Resources */,
			);
			buildRules = (
			);
			dependencies = (
			);
			name = Pixabay;
			productName = Pixabay;
			productReference = 140BF71E20BBDC73002A55E3 /* Pixabay.app */;
			productType = "com.apple.product-type.application";
		};
		140BF73520BBDC76002A55E3 /* PixabayTests */ = {
			isa = PBXNativeTarget;
			buildConfigurationList = 140BF74220BBDC76002A55E3 /* Build configuration list for PBXNativeTarget "PixabayTests" */;
			buildPhases = (
				140BF73220BBDC76002A55E3 /* Sources */,
				140BF73320BBDC76002A55E3 /* Frameworks */,
				140BF73420BBDC76002A55E3 /* Resources */,
			);
			buildRules = (
			);
			dependencies = (
				140BF73820BBDC76002A55E3 /* PBXTargetDependency */,
			);
			name = PixabayTests;
			productName = PixabayTests;
			productReference = 140BF73620BBDC76002A55E3 /* PixabayTests.xctest */;
			productType = "com.apple.product-type.bundle.unit-test";
		};
/* End PBXNativeTarget section */

/* Begin PBXProject section */
		140BF71620BBDC73002A55E3 /* Project object */ = {
			isa = PBXProject;
			attributes = {
				LastSwiftUpdateCheck = 0930;
				LastUpgradeCheck = 0930;
				ORGANIZATIONNAME = "Nour Saffaf";
				TargetAttributes = {
					140BF71D20BBDC73002A55E3 = {
						CreatedOnToolsVersion = 9.3.1;
					};
					140BF73520BBDC76002A55E3 = {
						CreatedOnToolsVersion = 9.3.1;
						TestTargetID = 140BF71D20BBDC73002A55E3;
					};
				};
			};
			buildConfigurationList = 140BF71920BBDC73002A55E3 /* Build configuration list for PBXProject "Pixabay" */;
			compatibilityVersion = "Xcode 9.3";
			developmentRegion = en;
			hasScannedForEncodings = 0;
			knownRegions = (
				en,
				Base,
			);
			mainGroup = 140BF71520BBDC73002A55E3;
			productRefGroup = 140BF71F20BBDC73002A55E3 /* Products */;
			projectDirPath = "";
			projectRoot = "";
			targets = (
				140BF71D20BBDC73002A55E3 /* Pixabay */,
				140BF73520BBDC76002A55E3 /* PixabayTests */,
			);
		};
/* End PBXProject section */

/* Begin PBXResourcesBuildPhase section */
		140BF71C20BBDC73002A55E3 /* Resources */ = {
			isa = PBXResourcesBuildPhase;
			buildActionMask = 2147483647;
			files = (
				140BF73020BBDC76002A55E3 /* LaunchScreen.storyboard in Resources */,
				140BF72D20BBDC76002A55E3 /* Assets.xcassets in Resources */,
				140BF72B20BBDC74002A55E3 /* Main.storyboard in Resources */,
			);
			runOnlyForDeploymentPostprocessing = 0;
		};
		140BF73420BBDC76002A55E3 /* Resources */ = {
			isa = PBXResourcesBuildPhase;
			buildActionMask = 2147483647;
			files = (
			);
			runOnlyForDeploymentPostprocessing = 0;
		};
/* End PBXResourcesBuildPhase section */

/* Begin PBXSourcesBuildPhase section */
		140BF71A20BBDC73002A55E3 /* Sources */ = {
			isa = PBXSourcesBuildPhase;
			buildActionMask = 2147483647;
			files = (
				140BF72420BBDC73002A55E3 /* RootViewController.swift in Sources */,
				140BF72820BBDC74002A55E3 /* ModelController.swift in Sources */,
				140BF72620BBDC74002A55E3 /* DataViewController.swift in Sources */,
				140BF72220BBDC73002A55E3 /* AppDelegate.swift in Sources */,
			);
			runOnlyForDeploymentPostprocessing = 0;
		};
		140BF73220BBDC76002A55E3 /* Sources */ = {
			isa = PBXSourcesBuildPhase;
			buildActionMask = 2147483647;
			files = (
				140BF73B20BBDC76002A55E3 /* PixabayTests.swift in Sources */,
			);
			runOnlyForDeploymentPostprocessing = 0;
		};
/* End PBXSourcesBuildPhase section */

/* Begin PBXTargetDependency section */
		140BF73820BBDC76002A55E3 /* PBXTargetDependency */ = {
			isa = PBXTargetDependency;
			target = 140BF71D20BBDC73002A55E3 /* Pixabay */;
			targetProxy = 140BF73720BBDC76002A55E3 /* PBXContainerItemProxy */;
		};
/* End PBXTargetDependency section */

/* Begin PBXVariantGroup section */
		140BF72920BBDC74002A55E3 /* Main.storyboard */ = {
			isa = PBXVariantGroup;
			children = (
				140BF72A20BBDC74002A55E3 /* Base */,
			);
			name = Main.storyboard;
			sourceTree = "<group>";
		};
		140BF72E20BBDC76002A55E3 /* LaunchScreen.storyboard */ = {
			isa = PBXVariantGroup;
			children = (
				140BF72F20BBDC76002A55E3 /* Base */,
			);
			name = LaunchScreen.storyboard;
			sourceTree = "<group>";
		};
/* End PBXVariantGroup section */

/* Begin XCBuildConfiguration section */
		140BF73D20BBDC76002A55E3 /* Debug */ = {
			isa = XCBuildConfiguration;
			buildSettings = {
				ALWAYS_SEARCH_USER_PATHS = NO;
				CLANG_ANALYZER_NONNULL = YES;
				CLANG_ANALYZER_NUMBER_OBJECT_CONVERSION = YES_AGGRESSIVE;
				CLANG_CXX_LANGUAGE_STANDARD = "gnu++14";
				CLANG_CXX_LIBRARY = "libc++";
				CLANG_ENABLE_MODULES = YES;
				CLANG_ENABLE_OBJC_ARC = YES;
				CLANG_ENABLE_OBJC_WEAK = YES;
				CLANG_WARN_BLOCK_CAPTURE_AUTORELEASING = YES;
				CLANG_WARN_BOOL_CONVERSION = YES;
				CLANG_WARN_COMMA = YES;
				CLANG_WARN_CONSTANT_CONVERSION = YES;
				CLANG_WARN_DEPRECATED_OBJC_IMPLEMENTATIONS = YES;
				CLANG_WARN_DIRECT_OBJC_ISA_USAGE = YES_ERROR;
				CLANG_WARN_DOCUMENTATION_COMMENTS = YES;
				CLANG_WARN_EMPTY_BODY = YES;
				CLANG_WARN_ENUM_CONVERSION = YES;
				CLANG_WARN_INFINITE_RECURSION = YES;
				CLANG_WARN_INT_CONVERSION = YES;
				CLANG_WARN_NON_LITERAL_NULL_CONVERSION = YES;
				CLANG_WARN_OBJC_IMPLICIT_RETAIN_SELF = YES;
				CLANG_WARN_OBJC_LITERAL_CONVERSION = YES;
				CLANG_WARN_OBJC_ROOT_CLASS = YES_ERROR;
				CLANG_WARN_RANGE_LOOP_ANALYSIS = YES;
				CLANG_WARN_STRICT_PROTOTYPES = YES;
				CLANG_WARN_SUSPICIOUS_MOVE = YES;
				CLANG_WARN_UNGUARDED_AVAILABILITY = YES_AGGRESSIVE;
				CLANG_WARN_UNREACHABLE_CODE = YES;
				CLANG_WARN__DUPLICATE_METHOD_MATCH = YES;
				CODE_SIGN_IDENTITY = "iPhone Developer";
				COPY_PHASE_STRIP = NO;
				DEBUG_INFORMATION_FORMAT = dwarf;
				ENABLE_STRICT_OBJC_MSGSEND = YES;
				ENABLE_TESTABILITY = YES;
				GCC_C_LANGUAGE_STANDARD = gnu11;
				GCC_DYNAMIC_NO_PIC = NO;
				GCC_NO_COMMON_BLOCKS = YES;
				GCC_OPTIMIZATION_LEVEL = 0;
				GCC_PREPROCESSOR_DEFINITIONS = (
					"DEBUG=1",
					"$(inherited)",
				);
				GCC_WARN_64_TO_32_BIT_CONVERSION = YES;
				GCC_WARN_ABOUT_RETURN_TYPE = YES_ERROR;
				GCC_WARN_UNDECLARED_SELECTOR = YES;
				GCC_WARN_UNINITIALIZED_AUTOS = YES_AGGRESSIVE;
				GCC_WARN_UNUSED_FUNCTION = YES;
				GCC_WARN_UNUSED_VARIABLE = YES;
				IPHONEOS_DEPLOYMENT_TARGET = 11.3;
				MTL_ENABLE_DEBUG_INFO = YES;
				ONLY_ACTIVE_ARCH = YES;
				SDKROOT = iphoneos;
				SWIFT_ACTIVE_COMPILATION_CONDITIONS = DEBUG;
				SWIFT_OPTIMIZATION_LEVEL = "-Onone";
			};
			name = Debug;
		};
		140BF73E20BBDC76002A55E3 /* Release */ = {
			isa = XCBuildConfiguration;
			buildSettings = {
				ALWAYS_SEARCH_USER_PATHS = NO;
				CLANG_ANALYZER_NONNULL = YES;
				CLANG_ANALYZER_NUMBER_OBJECT_CONVERSION = YES_AGGRESSIVE;
				CLANG_CXX_LANGUAGE_STANDARD = "gnu++14";
				CLANG_CXX_LIBRARY = "libc++";
				CLANG_ENABLE_MODULES = YES;
				CLANG_ENABLE_OBJC_ARC = YES;
				CLANG_ENABLE_OBJC_WEAK = YES;
				CLANG_WARN_BLOCK_CAPTURE_AUTORELEASING = YES;
				CLANG_WARN_BOOL_CONVERSION = YES;
				CLANG_WARN_COMMA = YES;
				CLANG_WARN_CONSTANT_CONVERSION = YES;
				CLANG_WARN_DEPRECATED_OBJC_IMPLEMENTATIONS = YES;
				CLANG_WARN_DIRECT_OBJC_ISA_USAGE = YES_ERROR;
				CLANG_WARN_DOCUMENTATION_COMMENTS = YES;
				CLANG_WARN_EMPTY_BODY = YES;
				CLANG_WARN_ENUM_CONVERSION = YES;
				CLANG_WARN_INFINITE_RECURSION = YES;
				CLANG_WARN_INT_CONVERSION = YES;
				CLANG_WARN_NON_LITERAL_NULL_CONVERSION = YES;
				CLANG_WARN_OBJC_IMPLICIT_RETAIN_SELF = YES;
				CLANG_WARN_OBJC_LITERAL_CONVERSION = YES;
				CLANG_WARN_OBJC_ROOT_CLASS = YES_ERROR;
				CLANG_WARN_RANGE_LOOP_ANALYSIS = YES;
				CLANG_WARN_STRICT_PROTOTYPES = YES;
				CLANG_WARN_SUSPICIOUS_MOVE = YES;
				CLANG_WARN_UNGUARDED_AVAILABILITY = YES_AGGRESSIVE;
				CLANG_WARN_UNREACHABLE_CODE = YES;
				CLANG_WARN__DUPLICATE_METHOD_MATCH = YES;
				CODE_SIGN_IDENTITY = "iPhone Developer";
				COPY_PHASE_STRIP = NO;
				DEBUG_INFORMATION_FORMAT = "dwarf-with-dsym";
				ENABLE_NS_ASSERTIONS = NO;
				ENABLE_STRICT_OBJC_MSGSEND = YES;
				GCC_C_LANGUAGE_STANDARD = gnu11;
				GCC_NO_COMMON_BLOCKS = YES;
				GCC_WARN_64_TO_32_BIT_CONVERSION = YES;
				GCC_WARN_ABOUT_RETURN_TYPE = YES_ERROR;
				GCC_WARN_UNDECLARED_SELECTOR = YES;
				GCC_WARN_UNINITIALIZED_AUTOS = YES_AGGRESSIVE;
				GCC_WARN_UNUSED_FUNCTION = YES;
				GCC_WARN_UNUSED_VARIABLE = YES;
				IPHONEOS_DEPLOYMENT_TARGET = 11.3;
				MTL_ENABLE_DEBUG_INFO = NO;
				SDKROOT = iphoneos;
				SWIFT_COMPILATION_MODE = wholemodule;
				SWIFT_OPTIMIZATION_LEVEL = "-O";
				VALIDATE_PRODUCT = YES;
			};
			name = Release;
		};
		140BF74020BBDC76002A55E3 /* Debug */ = {
			isa = XCBuildConfiguration;
			buildSettings = {
				ASSETCATALOG_COMPILER_APPICON_NAME = AppIcon;
				CODE_SIGN_STYLE = Automatic;
				DEVELOPMENT_TEAM = 933J8KG6Y8;
				INFOPLIST_FILE = Pixabay/Info.plist;
				LD_RUNPATH_SEARCH_PATHS = (
					"$(inherited)",
					"@executable_path/Frameworks",
				);
				PRODUCT_BUNDLE_IDENTIFIER = me.noro.Pixabay;
				PRODUCT_NAME = "$(TARGET_NAME)";
				SWIFT_VERSION = 4.0;
				TARGETED_DEVICE_FAMILY = "1,2";
			};
			name = Debug;
		};
		140BF74120BBDC76002A55E3 /* Release */ = {
			isa = XCBuildConfiguration;
			buildSettings = {
				ASSETCATALOG_COMPILER_APPICON_NAME = AppIcon;
				CODE_SIGN_STYLE = Automatic;
				DEVELOPMENT_TEAM = 933J8KG6Y8;
				INFOPLIST_FILE = Pixabay/Info.plist;
				LD_RUNPATH_SEARCH_PATHS = (
					"$(inherited)",
					"@executable_path/Frameworks",
				);
				PRODUCT_BUNDLE_IDENTIFIER = me.noro.Pixabay;
				PRODUCT_NAME = "$(TARGET_NAME)";
				SWIFT_VERSION = 4.0;
				TARGETED_DEVICE_FAMILY = "1,2";
			};
			name = Release;
		};
		140BF74320BBDC76002A55E3 /* Debug */ = {
			isa = XCBuildConfiguration;
			buildSettings = {
				ALWAYS_EMBED_SWIFT_STANDARD_LIBRARIES = YES;
				BUNDLE_LOADER = "$(TEST_HOST)";
				CODE_SIGN_STYLE = Automatic;
				DEVELOPMENT_TEAM = 933J8KG6Y8;
				INFOPLIST_FILE = PixabayTests/Info.plist;
				LD_RUNPATH_SEARCH_PATHS = (
					"$(inherited)",
					"@executable_path/Frameworks",
					"@loader_path/Frameworks",
				);
				PRODUCT_BUNDLE_IDENTIFIER = me.noro.PixabayTests;
				PRODUCT_NAME = "$(TARGET_NAME)";
				SWIFT_VERSION = 4.0;
				TARGETED_DEVICE_FAMILY = "1,2";
				TEST_HOST = "$(BUILT_PRODUCTS_DIR)/Pixabay.app/Pixabay";
			};
			name = Debug;
		};
		140BF74420BBDC76002A55E3 /* Release */ = {
			isa = XCBuildConfiguration;
			buildSettings = {
				ALWAYS_EMBED_SWIFT_STANDARD_LIBRARIES = YES;
				BUNDLE_LOADER = "$(TEST_HOST)";
				CODE_SIGN_STYLE = Automatic;
				DEVELOPMENT_TEAM = 933J8KG6Y8;
				INFOPLIST_FILE = PixabayTests/Info.plist;
				LD_RUNPATH_SEARCH_PATHS = (
					"$(inherited)",
					"@executable_path/Frameworks",
					"@loader_path/Frameworks",
				);
				PRODUCT_BUNDLE_IDENTIFIER = me.noro.PixabayTests;
				PRODUCT_NAME = "$(TARGET_NAME)";
				SWIFT_VERSION = 4.0;
				TARGETED_DEVICE_FAMILY = "1,2";
				TEST_HOST = "$(BUILT_PRODUCTS_DIR)/Pixabay.app/Pixabay";
			};
			name = Release;
		};
/* End XCBuildConfiguration section */

/* Begin XCConfigurationList section */
		140BF71920BBDC73002A55E3 /* Build configuration list for PBXProject "Pixabay" */ = {
			isa = XCConfigurationList;
			buildConfigurations = (
				140BF73D20BBDC76002A55E3 /* Debug */,
				140BF73E20BBDC76002A55E3 /* Release */,
			);
			defaultConfigurationIsVisible = 0;
			defaultConfigurationName = Release;
		};
		140BF73F20BBDC76002A55E3 /* Build configuration list for PBXNativeTarget "Pixabay" */ = {
			isa = XCConfigurationList;
			buildConfigurations = (
				140BF74020BBDC76002A55E3 /* Debug */,
				140BF74120BBDC76002A55E3 /* Release */,
			);
			defaultConfigurationIsVisible = 0;
			defaultConfigurationName = Release;
		};
		140BF74220BBDC76002A55E3 /* Build configuration list for PBXNativeTarget "PixabayTests" */ = {
			isa = XCConfigurationList;
			buildConfigurations = (
				140BF74320BBDC76002A55E3 /* Debug */,
				140BF74420BBDC76002A55E3 /* Release */,
			);
			defaultConfigurationIsVisible = 0;
			defaultConfigurationName = Release;
		};
/* End XCConfigurationList section */
	};
	rootObject = 140BF71620BBDC73002A55E3 /* Project object */;
}
